
Microsoft Visual Studio Solution File, Format Version 12.00
# Visual Studio 2013
VisualStudioVersion = 12.0.40629.0
MinimumVisualStudioVersion = 10.0.40219.1
Project("{FAE04EC0-301F-11D3-BF4B-00C04F79EFBC}") = "Mp3Player", "Mp3Player\Mp3Player.csproj", "{BF840048-976A-4004-BCF7-34028398D2CE}"
EndProject
Project("{FAE04EC0-301F-11D3-BF4B-00C04F79EFBC}") = "PluginForm", "PluginForm\PluginForm.csproj", "{9147AEF6-5CC2-493F-A2DE-855F9478B3EC}"
EndProject
Global
	GlobalSection(SolutionConfigurationPlatforms) = preSolution
		Debug|Any CPU = Debug|Any CPU
		Debug|x64 = Debug|x64
		Debug|x86 = Debug|x86
		Release|Any CPU = Release|Any CPU
		Release|x64 = Release|x64
		Release|x86 = Release|x86
	EndGlobalSection
	GlobalSection(ProjectConfigurationPlatforms) = postSolution
		{BF840048-976A-4004-BCF7-34028398D2CE}.Debug|Any CPU.ActiveCfg = Debug|Any CPU
		{BF840048-976A-4004-BCF7-34028398D2CE}.Debug|Any CPU.Build.0 = Debug|Any CPU
		{BF840048-976A-4004-BCF7-34028398D2CE}.Debug|x64.ActiveCfg = Debug|x64
		{BF840048-976A-4004-BCF7-34028398D2CE}.Debug|x64.Build.0 = Debug|x64
		{BF840048-976A-4004-BCF7-34028398D2CE}.Debug|x86.ActiveCfg = Debug|x86
		{BF840048-976A-4004-BCF7-34028398D2CE}.Debug|x86.Build.0 = Debug|x86
		{BF840048-976A-4004-BCF7-34028398D2CE}.Release|Any CPU.ActiveCfg = Release|Any CPU
		{BF840048-976A-4004-BCF7-34028398D2CE}.Release|Any CPU.Build.0 = Release|Any CPU
		{BF840048-976A-4004-BCF7-34028398D2CE}.Release|x64.ActiveCfg = Release|x64
		{BF840048-976A-4004-BCF7-34028398D2CE}.Release|x64.Build.0 = Release|x64
		{BF840048-976A-4004-BCF7-34028398D2CE}.Release|x86.ActiveCfg = Release|x86
		{BF840048-976A-4004-BCF7-34028398D2CE}.Release|x86.Build.0 = Release|x86
		{9147AEF6-5CC2-493F-A2DE-855F9478B3EC}.Debug|Any CPU.ActiveCfg = Debug|Any CPU
		{9147AEF6-5CC2-493F-A2DE-855F9478B3EC}.Debug|Any CPU.Build.0 = Debug|Any CPU
		{9147AEF6-5CC2-493F-A2DE-855F9478B3EC}.Debug|x64.ActiveCfg = Debug|Any CPU
		{9147AEF6-5CC2-493F-A2DE-855F9478B3EC}.Debug|x86.ActiveCfg = Debug|Any CPU
		{9147AEF6-5CC2-493F-A2DE-855F9478B3EC}.Release|Any CPU.ActiveCfg = Release|Any CPU
		{9147AEF6-5CC2-493F-A2DE-855F9478B3EC}.Release|Any CPU.Build.0 = Release|Any CPU
		{9147AEF6-5CC2-493F-A2DE-855F9478B3EC}.Release|x64.ActiveCfg = Release|Any CPU
		{9147AEF6-5CC2-493F-A2DE-855F9478B3EC}.Release|x86.ActiveCfg = Release|Any CPU
	EndGlobalSection
	GlobalSection(SolutionProperties) = preSolution
		HideSolutionNode = FALSE
	EndGlobalSection
EndGlobal
